
Microsoft Visual Studio Solution File, Format Version 12.00
# Visual Studio 15
VisualStudioVersion = 15.0.27130.2036
MinimumVisualStudioVersion = 10.0.40219.1
Project("{FAE04EC0-301F-11D3-BF4B-00C04F79EFBC}") = "Exercise_20_10", "COP4365C_Group1-Project-4\Exercise_20_10.csproj", "{AAF18943-4EC3-482A-A3F8-7CEBA8E00CC9}"
EndProject
Project("{FAE04EC0-301F-11D3-BF4B-00C04F79EFBC}") = "Main", "ConsoleApp1\Main.csproj", "{EBBCA15D-4498-4E8C-ACDB-3484ADEE1012}"
EndProject
Project("{FAE04EC0-301F-11D3-BF4B-00C04F79EFBC}") = "Group 1 Project 4 Exercise 19.4", "Group 1 Project 4 Exercise 19.4\Group 1 Project 4 Exercise 19.4\Group 1 Project 4 Exercise 19.4.csproj", "{4C8A6289-E7EB-4E89-9F7D-110E41799BFD}"
EndProject
Project("{FAE04EC0-301F-11D3-BF4B-00C04F79EFBC}") = "Group 1 Project 4 Exercise 19.5", "Group 1 Project 4 Exercise 19.5\Group 1 Project 4 Exercise 19.5.csproj", "{96C3C89A-2B0E-45B8-9EAD-E489F2CF8F54}"
EndProject
Global
	GlobalSection(SolutionConfigurationPlatforms) = preSolution
		Debug|Any CPU = Debug|Any CPU
		Release|Any CPU = Release|Any CPU
	EndGlobalSection
	GlobalSection(ProjectConfigurationPlatforms) = postSolution
		{AAF18943-4EC3-482A-A3F8-7CEBA8E00CC9}.Debug|Any CPU.ActiveCfg = Debug|Any CPU
		{AAF18943-4EC3-482A-A3F8-7CEBA8E00CC9}.Debug|Any CPU.Build.0 = Debug|Any CPU
		{AAF18943-4EC3-482A-A3F8-7CEBA8E00CC9}.Release|Any CPU.ActiveCfg = Release|Any CPU
		{AAF18943-4EC3-482A-A3F8-7CEBA8E00CC9}.Release|Any CPU.Build.0 = Release|Any CPU
		{EBBCA15D-4498-4E8C-ACDB-3484ADEE1012}.Debug|Any CPU.ActiveCfg = Debug|Any CPU
		{EBBCA15D-4498-4E8C-ACDB-3484ADEE1012}.Debug|Any CPU.Build.0 = Debug|Any CPU
		{EBBCA15D-4498-4E8C-ACDB-3484ADEE1012}.Release|Any CPU.ActiveCfg = Release|Any CPU
		{EBBCA15D-4498-4E8C-ACDB-3484ADEE1012}.Release|Any CPU.Build.0 = Release|Any CPU
		{4C8A6289-E7EB-4E89-9F7D-110E41799BFD}.Debug|Any CPU.ActiveCfg = Debug|Any CPU
		{4C8A6289-E7EB-4E89-9F7D-110E41799BFD}.Debug|Any CPU.Build.0 = Debug|Any CPU
		{4C8A6289-E7EB-4E89-9F7D-110E41799BFD}.Release|Any CPU.ActiveCfg = Release|Any CPU
		{4C8A6289-E7EB-4E89-9F7D-110E41799BFD}.Release|Any CPU.Build.0 = Release|Any CPU
		{96C3C89A-2B0E-45B8-9EAD-E489F2CF8F54}.Debug|Any CPU.ActiveCfg = Debug|Any CPU
		{96C3C89A-2B0E-45B8-9EAD-E489F2CF8F54}.Debug|Any CPU.Build.0 = Debug|Any CPU
		{96C3C89A-2B0E-45B8-9EAD-E489F2CF8F54}.Release|Any CPU.ActiveCfg = Release|Any CPU
		{96C3C89A-2B0E-45B8-9EAD-E489F2CF8F54}.Release|Any CPU.Build.0 = Release|Any CPU
	EndGlobalSection
	GlobalSection(SolutionProperties) = preSolution
		HideSolutionNode = FALSE
	EndGlobalSection
	GlobalSection(ExtensibilityGlobals) = postSolution
		SolutionGuid = {6160BE13-75FB-4657-B35E-43D2DDD4163A}
	EndGlobalSection
EndGlobal
